DEPENDENCIES
  balanced-statsd-relayer
    path: .
    metadata: true

GRAPH
  apt (2.6.0)
  balanced-apt (1.0.14)
    apt (~> 2.3)
    balanced-citadel (~> 1.0)
    poise (~> 1.0)
  balanced-citadel (1.0.2)
    citadel (>= 0.0.0)
  balanced-statsd-relayer (1.0.0)
    balanced-apt (>= 0.0.0)
  citadel (1.0.2)
  poise (1.0.10)
